
Microsoft Visual Studio Solution File, Format Version 12.00
Project("{FAE04EC0-301F-11D3-BF4B-00C04F79EFBC}") = "PurpleSofa", "PurpleSofa\PurpleSofa.csproj", "{BC5DABD9-8764-4FB6-B6A4-0571E8D10E0F}"
EndProject
Project("{FAE04EC0-301F-11D3-BF4B-00C04F79EFBC}") = "PurpleSofa.Tests", "PurpleSofa.Tests\PurpleSofa.Tests.csproj", "{6C9122E8-1F85-4FA8-8879-D78CB145990C}"
EndProject
Project("{FAE04EC0-301F-11D3-BF4B-00C04F79EFBC}") = "PurpleSofa.Sample", "PurpleSofa.Sample\PurpleSofa.Sample.csproj", "{2C8F42A3-F795-4CC7-98C3-77C3F372F1C2}"
EndProject
Project("{FAE04EC0-301F-11D3-BF4B-00C04F79EFBC}") = "PurpleSofa.SampleProxy", "PurpleSofa.SampleProxy\PurpleSofa.SampleProxy.csproj", "{C1448649-4E99-4455-920F-0A260D1E4905}"
EndProject
Global
	GlobalSection(SolutionConfigurationPlatforms) = preSolution
		Debug|Any CPU = Debug|Any CPU
		Release|Any CPU = Release|Any CPU
	EndGlobalSection
	GlobalSection(ProjectConfigurationPlatforms) = postSolution
		{BC5DABD9-8764-4FB6-B6A4-0571E8D10E0F}.Debug|Any CPU.ActiveCfg = Debug|Any CPU
		{BC5DABD9-8764-4FB6-B6A4-0571E8D10E0F}.Debug|Any CPU.Build.0 = Debug|Any CPU
		{BC5DABD9-8764-4FB6-B6A4-0571E8D10E0F}.Release|Any CPU.ActiveCfg = Release|Any CPU
		{BC5DABD9-8764-4FB6-B6A4-0571E8D10E0F}.Release|Any CPU.Build.0 = Release|Any CPU
		{6C9122E8-1F85-4FA8-8879-D78CB145990C}.Debug|Any CPU.ActiveCfg = Debug|Any CPU
		{6C9122E8-1F85-4FA8-8879-D78CB145990C}.Debug|Any CPU.Build.0 = Debug|Any CPU
		{6C9122E8-1F85-4FA8-8879-D78CB145990C}.Release|Any CPU.ActiveCfg = Release|Any CPU
		{6C9122E8-1F85-4FA8-8879-D78CB145990C}.Release|Any CPU.Build.0 = Release|Any CPU
		{2C8F42A3-F795-4CC7-98C3-77C3F372F1C2}.Debug|Any CPU.ActiveCfg = Debug|Any CPU
		{2C8F42A3-F795-4CC7-98C3-77C3F372F1C2}.Debug|Any CPU.Build.0 = Debug|Any CPU
		{2C8F42A3-F795-4CC7-98C3-77C3F372F1C2}.Release|Any CPU.ActiveCfg = Release|Any CPU
		{2C8F42A3-F795-4CC7-98C3-77C3F372F1C2}.Release|Any CPU.Build.0 = Release|Any CPU
		{C1448649-4E99-4455-920F-0A260D1E4905}.Debug|Any CPU.ActiveCfg = Debug|Any CPU
		{C1448649-4E99-4455-920F-0A260D1E4905}.Debug|Any CPU.Build.0 = Debug|Any CPU
		{C1448649-4E99-4455-920F-0A260D1E4905}.Release|Any CPU.ActiveCfg = Release|Any CPU
		{C1448649-4E99-4455-920F-0A260D1E4905}.Release|Any CPU.Build.0 = Release|Any CPU
	EndGlobalSection
EndGlobal
